
Microsoft Visual Studio Solution File, Format Version 12.00
# Visual Studio Version 18
VisualStudioVersion = 18.4.11620.152
MinimumVisualStudioVersion = 10.0.40219.1
Project("{9A19103F-16F7-4668-BE54-9A1E7A4F7556}") = "AIStoryBuildersOnline", "AIStoryBuildersOnline.csproj", "{3BF0A33D-07BC-4AB7-A835-811588A46438}"
EndProject
Project("{2150E333-8FDC-42A3-9474-1A3956D46DE8}") = "Solution Items", "Solution Items", "{00B30ECD-442E-4274-90E5-BB17C9735549}"
	ProjectSection(SolutionItems) = preProject
		docs\ai-settings-and-story-creation-comparison-plan.md = docs\ai-settings-and-story-creation-comparison-plan.md
		docs\chat-chapter-paragraph-authoring-plan.md = docs\chat-chapter-paragraph-authoring-plan.md
		docs\implementation-plan-detailed-migration.md = docs\implementation-plan-detailed-migration.md
		docs\import-docx-pdf-txt-online-plan.md = docs\import-docx-pdf-txt-online-plan.md
		docs\story-chat-knowledge-graph-plan.md = docs\story-chat-knowledge-graph-plan.md
	EndProjectSection
EndProject
Global
	GlobalSection(SolutionConfigurationPlatforms) = preSolution
		Debug|Any CPU = Debug|Any CPU
		Release|Any CPU = Release|Any CPU
	EndGlobalSection
	GlobalSection(ProjectConfigurationPlatforms) = postSolution
		{3BF0A33D-07BC-4AB7-A835-811588A46438}.Debug|Any CPU.ActiveCfg = Debug|Any CPU
		{3BF0A33D-07BC-4AB7-A835-811588A46438}.Debug|Any CPU.Build.0 = Debug|Any CPU
		{3BF0A33D-07BC-4AB7-A835-811588A46438}.Release|Any CPU.ActiveCfg = Release|Any CPU
		{3BF0A33D-07BC-4AB7-A835-811588A46438}.Release|Any CPU.Build.0 = Release|Any CPU
	EndGlobalSection
	GlobalSection(SolutionProperties) = preSolution
		HideSolutionNode = FALSE
	EndGlobalSection
	GlobalSection(ExtensibilityGlobals) = postSolution
		SolutionGuid = {E74C987C-5D44-401B-9E26-203E87D2B0F5}
	EndGlobalSection
EndGlobal
